# This file was autogenerated by Stack.
# You should not edit this file by hand.
# For more information, please see the documentation at:
#   https://docs.haskellstack.org/en/stable/lock_files

packages:
- completed:
    size: 43463
    url: https://github.com/magnus108/photoShake/archive/refac2.zip#199511111111111111111
    cabal-file:
      size: 4280
      sha256: cc00a3bb376b4820d6c87bd1328570fef47f11dc2ecbe319d96f3e19bb51cebd
    name: photoShake
    version: 0.1.0.0
    sha256: 998cdfb4ff3390b4fdbaffc55156200a1a181f0988b67742afe1dec522a43355
    pantry-tree:
      size: 5216
      sha256: 27aa4920cf682123c541ac477f9940a8466dbe604d75d663421741d2920bbdf0
  original:
    url: https://github.com/magnus108/photoShake/archive/refac2.zip#199511111111111111111
- completed:
    hackage: strings-1.1@sha256:0285dec4c8ab262359342b3e5ef1eb567074669461b9b38404f1cb870c881c5c,1617
    pantry-tree:
      size: 212
      sha256: 876e5a679244143e2a7e74357427c7522a8d61f68a4cc3ae265fe4960b75a2e2
  original:
    hackage: strings-1.1@sha256:0285dec4c8ab262359342b3e5ef1eb567074669461b9b38404f1cb870c881c5c
snapshots:
- completed:
    size: 523454
    url: https://raw.githubusercontent.com/commercialhaskell/stackage-snapshots/master/lts/14/2.yaml
    sha256: 593deeb8366fd69b9e3b7611759ecee87d0d76c08c2ba363b38b7fb119e9fc22
  original: lts-14.2
