# This file was autogenerated by Stack.
# You should not edit this file by hand.
# For more information, please see the documentation at:
#   https://docs.haskellstack.org/en/stable/lock_files

packages:
- completed:
    size: 32615
    url: https://github.com/magnus108/photoShake/archive/master.zip#1232211
    cabal-file:
      size: 3840
      sha256: 270c4ad75201beba33c5ac93715342ee7a5428346cd9559290112f3218e0ab60
    name: photoShake
    version: 0.1.0.0
    sha256: 8b42300aed606b4d937c94067e9f459c2e6064a18b6dbfe6034efc956ad94a84
    pantry-tree:
      size: 4126
      sha256: a083c788738150e43ba29b9a4b853a894f62439701f00c11d4c870cebd705720
  original:
    url: https://github.com/magnus108/photoShake/archive/master.zip#1232211
- completed:
    hackage: jmacro-0.6.16@sha256:180f6115f699546178c7339dbbdbd70242fb937c71eedabc81304b8ac6b1ee3c,2979
    pantry-tree:
      size: 919
      sha256: 1a8b6d1d386dfb7dd8f51bd732e007c0000b90955c22ac4e7d4a3860499b90e9
  original:
    hackage: jmacro-0.6.16
- completed:
    hackage: strings-1.1@sha256:0285dec4c8ab262359342b3e5ef1eb567074669461b9b38404f1cb870c881c5c,1617
    pantry-tree:
      size: 212
      sha256: 876e5a679244143e2a7e74357427c7522a8d61f68a4cc3ae265fe4960b75a2e2
  original:
    hackage: strings-1.1@sha256:0285dec4c8ab262359342b3e5ef1eb567074669461b9b38404f1cb870c881c5c
snapshots:
- completed:
    size: 497508
    url: https://raw.githubusercontent.com/commercialhaskell/stackage-snapshots/master/lts/13/17.yaml
    sha256: 3d8fabe77d4f7618554cfb1001c820b9859820b8639bfd6f02a1c41660afb53b
  original: lts-13.17
