# This file was autogenerated by Stack.
# You should not edit this file by hand.
# For more information, please see the documentation at:
#   https://docs.haskellstack.org/en/stable/lock_files

packages:
- completed:
    size: 41679
    url: https://github.com/magnus108/photoShake/archive/refac2.zip#199
    cabal-file:
      size: 4228
      sha256: 6617d9f88e965db83613ce3b07cdb95292369b1b1c3f63ae4ddb2342d9a90c56
    name: photoShake
    version: 0.1.0.0
    sha256: b4ced5db36e7e49352c10627507a94330f86de5b536a988eeb04f63f9e3f9007
    pantry-tree:
      size: 5084
      sha256: 4cd5dcadc1317eb253dbb0a66b1b70ca263916864e57daec3756942bc9fc931b
  original:
    url: https://github.com/magnus108/photoShake/archive/refac2.zip#199
- completed:
    hackage: strings-1.1@sha256:0285dec4c8ab262359342b3e5ef1eb567074669461b9b38404f1cb870c881c5c,1617
    pantry-tree:
      size: 212
      sha256: 876e5a679244143e2a7e74357427c7522a8d61f68a4cc3ae265fe4960b75a2e2
  original:
    hackage: strings-1.1@sha256:0285dec4c8ab262359342b3e5ef1eb567074669461b9b38404f1cb870c881c5c
snapshots:
- completed:
    size: 523454
    url: https://raw.githubusercontent.com/commercialhaskell/stackage-snapshots/master/lts/14/2.yaml
    sha256: 593deeb8366fd69b9e3b7611759ecee87d0d76c08c2ba363b38b7fb119e9fc22
  original: lts-14.2
